
Microsoft Visual Studio Solution File, Format Version 12.00
# Visual Studio Version 17
VisualStudioVersion = 17.4.33403.182
MinimumVisualStudioVersion = 10.0.40219.1
Project("{FAE04EC0-301F-11D3-BF4B-00C04F79EFBC}") = "M1S04", "M1S04\M1S04.csproj", "{24587B36-0048-43AF-9FD8-18EE86F5E06D}"
EndProject
Global
	GlobalSection(SolutionConfigurationPlatforms) = preSolution
		Debug|Any CPU = Debug|Any CPU
		Release|Any CPU = Release|Any CPU
	EndGlobalSection
	GlobalSection(ProjectConfigurationPlatforms) = postSolution
		{24587B36-0048-43AF-9FD8-18EE86F5E06D}.Debug|Any CPU.ActiveCfg = Debug|Any CPU
		{24587B36-0048-43AF-9FD8-18EE86F5E06D}.Debug|Any CPU.Build.0 = Debug|Any CPU
		{24587B36-0048-43AF-9FD8-18EE86F5E06D}.Release|Any CPU.ActiveCfg = Release|Any CPU
		{24587B36-0048-43AF-9FD8-18EE86F5E06D}.Release|Any CPU.Build.0 = Release|Any CPU
	EndGlobalSection
	GlobalSection(SolutionProperties) = preSolution
		HideSolutionNode = FALSE
	EndGlobalSection
	GlobalSection(ExtensibilityGlobals) = postSolution
		SolutionGuid = {B024D51A-D4A2-4D37-8CA3-13C20903072B}
	EndGlobalSection
EndGlobal
